
Microsoft Visual Studio Solution File, Format Version 12.00
# Visual Studio Version 17
VisualStudioVersion = 17.0.31717.71
MinimumVisualStudioVersion = 10.0.40219.1
Project("{9A19103F-16F7-4668-BE54-9A1E7A4F7556}") = "Faslinq", "Faslinq\Faslinq.csproj", "{08FDC69F-0821-42F9-BFD6-53DC72BD8147}"
EndProject
Project("{9A19103F-16F7-4668-BE54-9A1E7A4F7556}") = "Faslinq.Tests", "Faslinq.Tests\Faslinq.Tests.csproj", "{6A2292A4-5791-4F54-A203-08146670C386}"
EndProject
Project("{9A19103F-16F7-4668-BE54-9A1E7A4F7556}") = "Faslinq.Benchmarks", "Faslinq.Benchmarks\Faslinq.Benchmarks.csproj", "{2074023A-4AB7-46CF-BB61-5DD9C8BD970E}"
EndProject
Global
	GlobalSection(SolutionConfigurationPlatforms) = preSolution
		Debug|Any CPU = Debug|Any CPU
		Debug|x64 = Debug|x64
		NoFaslinq|Any CPU = NoFaslinq|Any CPU
		NoFaslinq|x64 = NoFaslinq|x64
		Release|Any CPU = Release|Any CPU
		Release|x64 = Release|x64
	EndGlobalSection
	GlobalSection(ProjectConfigurationPlatforms) = postSolution
		{08FDC69F-0821-42F9-BFD6-53DC72BD8147}.Debug|Any CPU.ActiveCfg = Debug|Any CPU
		{08FDC69F-0821-42F9-BFD6-53DC72BD8147}.Debug|Any CPU.Build.0 = Debug|Any CPU
		{08FDC69F-0821-42F9-BFD6-53DC72BD8147}.Debug|x64.ActiveCfg = Debug|x64
		{08FDC69F-0821-42F9-BFD6-53DC72BD8147}.Debug|x64.Build.0 = Debug|x64
		{08FDC69F-0821-42F9-BFD6-53DC72BD8147}.NoFaslinq|Any CPU.ActiveCfg = Benchmarks|Any CPU
		{08FDC69F-0821-42F9-BFD6-53DC72BD8147}.NoFaslinq|Any CPU.Build.0 = Benchmarks|Any CPU
		{08FDC69F-0821-42F9-BFD6-53DC72BD8147}.NoFaslinq|x64.ActiveCfg = Release|x64
		{08FDC69F-0821-42F9-BFD6-53DC72BD8147}.NoFaslinq|x64.Build.0 = Release|x64
		{08FDC69F-0821-42F9-BFD6-53DC72BD8147}.Release|Any CPU.ActiveCfg = Release|Any CPU
		{08FDC69F-0821-42F9-BFD6-53DC72BD8147}.Release|Any CPU.Build.0 = Release|Any CPU
		{08FDC69F-0821-42F9-BFD6-53DC72BD8147}.Release|x64.ActiveCfg = Release|x64
		{08FDC69F-0821-42F9-BFD6-53DC72BD8147}.Release|x64.Build.0 = Release|x64
		{6A2292A4-5791-4F54-A203-08146670C386}.Debug|Any CPU.ActiveCfg = Debug|Any CPU
		{6A2292A4-5791-4F54-A203-08146670C386}.Debug|Any CPU.Build.0 = Debug|Any CPU
		{6A2292A4-5791-4F54-A203-08146670C386}.Debug|x64.ActiveCfg = Debug|x64
		{6A2292A4-5791-4F54-A203-08146670C386}.NoFaslinq|Any CPU.ActiveCfg = Benchmarks|Any CPU
		{6A2292A4-5791-4F54-A203-08146670C386}.NoFaslinq|Any CPU.Build.0 = Benchmarks|Any CPU
		{6A2292A4-5791-4F54-A203-08146670C386}.NoFaslinq|x64.ActiveCfg = Release|x64
		{6A2292A4-5791-4F54-A203-08146670C386}.NoFaslinq|x64.Build.0 = Release|x64
		{6A2292A4-5791-4F54-A203-08146670C386}.Release|Any CPU.ActiveCfg = Release|Any CPU
		{6A2292A4-5791-4F54-A203-08146670C386}.Release|Any CPU.Build.0 = Release|Any CPU
		{6A2292A4-5791-4F54-A203-08146670C386}.Release|x64.ActiveCfg = Release|x64
		{2074023A-4AB7-46CF-BB61-5DD9C8BD970E}.Debug|Any CPU.ActiveCfg = Debug|Any CPU
		{2074023A-4AB7-46CF-BB61-5DD9C8BD970E}.Debug|Any CPU.Build.0 = Debug|Any CPU
		{2074023A-4AB7-46CF-BB61-5DD9C8BD970E}.Debug|x64.ActiveCfg = Debug|x64
		{2074023A-4AB7-46CF-BB61-5DD9C8BD970E}.Debug|x64.Build.0 = Debug|x64
		{2074023A-4AB7-46CF-BB61-5DD9C8BD970E}.NoFaslinq|Any CPU.ActiveCfg = Benchmarks|Any CPU
		{2074023A-4AB7-46CF-BB61-5DD9C8BD970E}.NoFaslinq|Any CPU.Build.0 = Benchmarks|Any CPU
		{2074023A-4AB7-46CF-BB61-5DD9C8BD970E}.NoFaslinq|x64.ActiveCfg = NoFaslinq|x64
		{2074023A-4AB7-46CF-BB61-5DD9C8BD970E}.NoFaslinq|x64.Build.0 = NoFaslinq|x64
		{2074023A-4AB7-46CF-BB61-5DD9C8BD970E}.Release|Any CPU.ActiveCfg = Release|Any CPU
		{2074023A-4AB7-46CF-BB61-5DD9C8BD970E}.Release|Any CPU.Build.0 = Release|Any CPU
		{2074023A-4AB7-46CF-BB61-5DD9C8BD970E}.Release|x64.ActiveCfg = Release|x64
		{2074023A-4AB7-46CF-BB61-5DD9C8BD970E}.Release|x64.Build.0 = Release|x64
	EndGlobalSection
	GlobalSection(SolutionProperties) = preSolution
		HideSolutionNode = FALSE
	EndGlobalSection
	GlobalSection(ExtensibilityGlobals) = postSolution
		SolutionGuid = {C8978BB2-2FF0-4A6F-BF52-739624348D3C}
	EndGlobalSection
EndGlobal
